
Microsoft Visual Studio Solution File, Format Version 12.00
# Visual Studio 15
VisualStudioVersion = 15.0.26430.13
MinimumVisualStudioVersion = 10.0.40219.1
Project("{FAE04EC0-301F-11D3-BF4B-00C04F79EFBC}") = "CGLab1", "CGLab1\CGLab1.csproj", "{077C8BE8-B43E-4747-A74A-9BF0BE58FA48}"
EndProject
Project("{FAE04EC0-301F-11D3-BF4B-00C04F79EFBC}") = "CGLab3", "CGLab3\CGLab3.csproj", "{3078F116-7A3A-4FA5-8DC5-1D446B07C077}"
EndProject
Global
	GlobalSection(SolutionConfigurationPlatforms) = preSolution
		Debug|Any CPU = Debug|Any CPU
		Release|Any CPU = Release|Any CPU
	EndGlobalSection
	GlobalSection(ProjectConfigurationPlatforms) = postSolution
		{077C8BE8-B43E-4747-A74A-9BF0BE58FA48}.Debug|Any CPU.ActiveCfg = Debug|Any CPU
		{077C8BE8-B43E-4747-A74A-9BF0BE58FA48}.Debug|Any CPU.Build.0 = Debug|Any CPU
		{077C8BE8-B43E-4747-A74A-9BF0BE58FA48}.Release|Any CPU.ActiveCfg = Release|Any CPU
		{077C8BE8-B43E-4747-A74A-9BF0BE58FA48}.Release|Any CPU.Build.0 = Release|Any CPU
		{3078F116-7A3A-4FA5-8DC5-1D446B07C077}.Debug|Any CPU.ActiveCfg = Debug|Any CPU
		{3078F116-7A3A-4FA5-8DC5-1D446B07C077}.Debug|Any CPU.Build.0 = Debug|Any CPU
		{3078F116-7A3A-4FA5-8DC5-1D446B07C077}.Release|Any CPU.ActiveCfg = Release|Any CPU
		{3078F116-7A3A-4FA5-8DC5-1D446B07C077}.Release|Any CPU.Build.0 = Release|Any CPU
	EndGlobalSection
	GlobalSection(SolutionProperties) = preSolution
		HideSolutionNode = FALSE
	EndGlobalSection
EndGlobal
